
Microsoft Visual Studio Solution File, Format Version 12.00
# Visual Studio 15
VisualStudioVersion = 15.0.28010.2036
MinimumVisualStudioVersion = 10.0.40219.1
Project("{9A19103F-16F7-4668-BE54-9A1E7A4F7556}") = "ToFileStreamResult", "ToFileStreamResult\ToFileStreamResult.csproj", "{70B75290-314B-4450-B999-84347025D828}"
EndProject
Project("{9A19103F-16F7-4668-BE54-9A1E7A4F7556}") = "ToFileStreamResultTests", "ToFileStreamResultTests\ToFileStreamResultTests.csproj", "{8D045966-A998-4160-A10B-D60BCCF4A05E}"
EndProject
Global
	GlobalSection(SolutionConfigurationPlatforms) = preSolution
		Debug|Any CPU = Debug|Any CPU
		Release|Any CPU = Release|Any CPU
	EndGlobalSection
	GlobalSection(ProjectConfigurationPlatforms) = postSolution
		{70B75290-314B-4450-B999-84347025D828}.Debug|Any CPU.ActiveCfg = Debug|Any CPU
		{70B75290-314B-4450-B999-84347025D828}.Debug|Any CPU.Build.0 = Debug|Any CPU
		{70B75290-314B-4450-B999-84347025D828}.Release|Any CPU.ActiveCfg = Release|Any CPU
		{70B75290-314B-4450-B999-84347025D828}.Release|Any CPU.Build.0 = Release|Any CPU
		{8D045966-A998-4160-A10B-D60BCCF4A05E}.Debug|Any CPU.ActiveCfg = Debug|Any CPU
		{8D045966-A998-4160-A10B-D60BCCF4A05E}.Debug|Any CPU.Build.0 = Debug|Any CPU
		{8D045966-A998-4160-A10B-D60BCCF4A05E}.Release|Any CPU.ActiveCfg = Release|Any CPU
		{8D045966-A998-4160-A10B-D60BCCF4A05E}.Release|Any CPU.Build.0 = Release|Any CPU
	EndGlobalSection
	GlobalSection(SolutionProperties) = preSolution
		HideSolutionNode = FALSE
	EndGlobalSection
	GlobalSection(ExtensibilityGlobals) = postSolution
		SolutionGuid = {B9882BEA-C87A-457D-934B-15FA62F52466}
	EndGlobalSection
EndGlobal
